Microsoft Visual Studio Solution File, Format Version 12.00
# Visual Studio Version 17
VisualStudioVersion = 17.5.2.0
MinimumVisualStudioVersion = 10.0.40219.1
Project("{FAE04EC0-301F-11D3-BF4B-00C04F79EFBC}") = "NetflixComAzureFunctionsBancoDeDados", "NetflixComAzureFunctionsBancoDeDados.csproj", "{09CB09B7-5D74-D63F-54DD-91445128F0F3}"
EndProject
Global
	GlobalSection(SolutionConfigurationPlatforms) = preSolution
		Debug|Any CPU = Debug|Any CPU
		Release|Any CPU = Release|Any CPU
	EndGlobalSection
	GlobalSection(ProjectConfigurationPlatforms) = postSolution
		{09CB09B7-5D74-D63F-54DD-91445128F0F3}.Debug|Any CPU.ActiveCfg = Debug|Any CPU
		{09CB09B7-5D74-D63F-54DD-91445128F0F3}.Debug|Any CPU.Build.0 = Debug|Any CPU
		{09CB09B7-5D74-D63F-54DD-91445128F0F3}.Release|Any CPU.ActiveCfg = Release|Any CPU
		{09CB09B7-5D74-D63F-54DD-91445128F0F3}.Release|Any CPU.Build.0 = Release|Any CPU
	EndGlobalSection
	GlobalSection(SolutionProperties) = preSolution
		HideSolutionNode = FALSE
	EndGlobalSection
	GlobalSection(ExtensibilityGlobals) = postSolution
		SolutionGuid = {7732CB73-EDEF-412D-A9AF-B104C6EF054E}
	EndGlobalSection
EndGlobal
